
Microsoft Visual Studio Solution File, Format Version 12.00
# Visual Studio Version 17
VisualStudioVersion = 17.11.35327.3
MinimumVisualStudioVersion = 10.0.40219.1
Project("{8BC9CEB8-8B4A-11D0-8D11-00A0C91BC942}") = "Kit projects", "Kit projects\Kit projects.vcxproj", "{0036A765-8607-4E2E-9F63-1A1B4508442F}"
EndProject
Global
	GlobalSection(SolutionConfigurationPlatforms) = preSolution
		Debug|x64 = Debug|x64
		Debug|x86 = Debug|x86
		Release|x64 = Release|x64
		Release|x86 = Release|x86
	EndGlobalSection
	GlobalSection(ProjectConfigurationPlatforms) = postSolution
		{0036A765-8607-4E2E-9F63-1A1B4508442F}.Debug|x64.ActiveCfg = Debug|x64
		{0036A765-8607-4E2E-9F63-1A1B4508442F}.Debug|x64.Build.0 = Debug|x64
		{0036A765-8607-4E2E-9F63-1A1B4508442F}.Debug|x86.ActiveCfg = Debug|Win32
		{0036A765-8607-4E2E-9F63-1A1B4508442F}.Debug|x86.Build.0 = Debug|Win32
		{0036A765-8607-4E2E-9F63-1A1B4508442F}.Release|x64.ActiveCfg = Release|x64
		{0036A765-8607-4E2E-9F63-1A1B4508442F}.Release|x64.Build.0 = Release|x64
		{0036A765-8607-4E2E-9F63-1A1B4508442F}.Release|x86.ActiveCfg = Release|Win32
		{0036A765-8607-4E2E-9F63-1A1B4508442F}.Release|x86.Build.0 = Release|Win32
	EndGlobalSection
	GlobalSection(SolutionProperties) = preSolution
		HideSolutionNode = FALSE
	EndGlobalSection
	GlobalSection(ExtensibilityGlobals) = postSolution
		SolutionGuid = {62B7DF46-D217-42CF-86D2-93510C41DD85}
	EndGlobalSection
EndGlobal
